{
  "name": "soldier-hub",
  "version": "1.0.0",
  "lockfileVersion": 2,
  "requires": true,
  "packages": {
    "": {
      "name": "soldier-hub",
      "version": "1.0.0",
      "dependencies": {
        "@aws-sdk/client-s3": "^3.937.0",
        "@aws-sdk/s3-request-presigner": "^3.937.0",
        "@sentry/nextjs": "^10.64.0",
        "@supabase/ssr": "^0.5.2",
        "@supabase/supabase-js": "^2.110.2",
        "@tiptap/extension-placeholder": "^2.10.4",
        "@tiptap/react": "^2.10.4",
        "@tiptap/starter-kit": "^2.10.4",
        "@vercel/analytics": "^1.5.0",
        "@vercel/speed-insights": "^2.0.0",
        "lucide-react": "^0.460.0",
        "next": "^16.2.10",
        "openai": "^6.35.0",
        "react": "^19.2.7",
        "react-dom": "^19.2.7",
        "sanitize-html": "2.17.6"
      },
      "devDependencies": {
        "autoprefixer": "^10.4.20",
        "eslint": "^9.0.0",
        "eslint-config-next": "^16.2.10",
        "postcss": "8.5.16",
        "tailwindcss": "^3.4.15"
      },
      "engines": {
        "node": "24.x"
      }
    },
    "node_modules/@alloc/quick-lru": {
      "version": "5.2.0",
      "resolved": "https://registry.npmjs.org/@alloc/quick-lru/-/quick-lru-5.2.0.tgz",
      "integrity": "sha512-UrcABB+4bUrFABwbluTIBErXwvbsU/V7TZWfmbgJfbkwiBuziS9gxdODUyuiecfdGQ85jglMW6juS3+z5TsKLw==",
      "dev": true,
      "engines": {
        "node": ">=10"
      },
      "funding": {
        "url": "https://github.com/sponsors/sindresorhus"
      }
    },
    "node_modules/@apm-js-collab/code-transformer": {
      "version": "0.15.0",
      "resolved": "https://registry.npmjs.org/@apm-js-collab/code-transformer/-/code-transformer-0.15.0.tgz",
      "integrity": "sha512-XmXYVs8CzJ1Aj79noVbn2weUO/XWtRyURpGqx7aU7DOXlUQhR0WKOQNF0okh7PCeY37vxf7kU3v57OAkEPm3ww==",
      "license": "Apache-2.0",
      "dependencies": {
        "@types/estree": "^1.0.8",
        "astring": "^1.9.0",
        "esquery": "^1.7.0",
        "meriyah": "^6.1.4",
        "semifies": "^1.0.0",
        "source-map": "^0.6.0"
      },
      "bin": {
        "code-transformer": "cli.js"
      }
    },
    "node_modules/@apm-js-collab/code-transformer-bundler-plugins": {
      "version": "0.5.0",
      "resolved": "https://registry.npmjs.org/@apm-js-collab/code-transformer-bundler-plugins/-/code-transformer-bundler-plugins-0.5.0.tgz",
      "integrity": "sha512-YxLBY5nGlurL7QeJLq6e5g0ouBpAp0pwgyA/5rHXEXwhiPLn9ZHbT+Y2LlP90GT872cSocfjWRYu/fnpuBudNQ==",
      "license": "MIT",
      "dependencies": {
        "@apm-js-collab/code-transformer": "^0.15.0",
        "es-module-lexer": "^2.1.0",
        "magic-string": "^0.30.21",
        "module-details-from-path": "^1.0.4"
      },
      "engines": {
        "node": ">=18.0.0"
      }
    },
    "node_modules/@apm-js-collab/tracing-hooks": {
      "version": "0.10.1",
      "resolved": "https://registry.npmjs.org/@apm-js-collab/tracing-hooks/-/tracing-hooks-0.10.1.tgz",
      "integrity": "sha512-w2OWXR7FWrKqSziuE9+QclaZrStxO/8+OwbXM635s/zs0Eez1Qo3ivSPdB2WsaPY/iznKTytONPx/PitD7IXcA==",
      "license": "Apache-2.0",
      "dependencies": {
        "@apm-js-collab/code-transformer": "^0.15.0",
        "debug": "^4.4.1",
        "module-details-from-path": "^1.0.4"
      }
    },
    "node_modules/@aws-crypto/crc32": {
      "version": "5.2.0",
      "resolved": "https://registry.npmjs.org/@aws-crypto/crc32/-/crc32-5.2.0.tgz",
      "integrity": "sha512-nLbCWqQNgUiwwtFsen1AdzAtvuLRsQS8rYgMuxCrdKf9kOssamGLuPwyTY9wyYblNr9+1XM8v6zoDTPPSIeANg==",
      "dependencies": {
        "@aws-crypto/util": "^5.2.0",
        "@aws-sdk/types": "^3.222.0",
        "tslib": "^2.6.2"
      },
      "engines": {
        "node": ">=16.0.0"
      }
    },
    "node_modules/@aws-crypto/crc32c": {
      "version": "5.2.0",
      "resolved": "https://registry.npmjs.org/@aws-crypto/crc32c/-/crc32c-5.2.0.tgz",
      "integrity": "sha512-+iWb8qaHLYKrNvGRbiYRHSdKRWhto5XlZUEBwDjYNf+ly5SVYG6zEoYIdxvf5R3zyeP16w4PLBn3rH1xc74Rag==",
      "dependencies": {
        "@aws-crypto/util": "^5.2.0",
        "@aws-sdk/types": "^3.222.0",
        "tslib": "^2.6.2"
      }
    },
    "node_modules/@aws-crypto/sha1-browser": {
      "version": "5.2.0",
      "resolved": "https://registry.npmjs.org/@aws-crypto/sha1-browser/-/sha1-browser-5.2.0.tgz",
      "integrity": "sha512-OH6lveCFfcDjX4dbAvCFSYUjJZjDr/3XJ3xHtjn3Oj5b9RjojQo8npoLeA/bNwkOkrSQ0wgrHzXk4tDRxGKJeg==",
      "dependencies": {
        "@aws-crypto/supports-web-crypto": "^5.2.0",
        "@aws-crypto/util": "^5.2.0",
        "@aws-sdk/types": "^3.222.0",
        "@aws-sdk/util-locate-window": "^3.0.0",
        "@smithy/util-utf8": "^2.0.0",
        "tslib": "^2.6.2"
      }
    },
    "node_modules/@aws-crypto/sha256-browser": {
      "version": "5.2.0",
      "resolved": "https://registry.npmjs.org/@aws-crypto/sha256-browser/-/sha256-browser-5.2.0.tgz",
      "integrity": "sha512-AXfN/lGotSQwu6HNcEsIASo7kWXZ5HYWvfOmSNKDsEqC4OashTp8alTmaz+F7TC2L083SFv5RdB+qU3Vs1kZqw==",
      "dependencies": {
        "@aws-crypto/sha256-js": "^5.2.0",
        "@aws-crypto/supports-web-crypto": "^5.2.0",
        "@aws-crypto/util": "^5.2.0",
        "@aws-sdk/types": "^3.222.0",
        "@aws-sdk/util-locate-window": "^3.0.0",
        "@smithy/util-utf8": "^2.0.0",
        "tslib": "^2.6.2"
      }
    },
    "node_modules/@aws-crypto/sha256-js": {
      "version": "5.2.0",
      "resolved": "https://registry.npmjs.org/@aws-crypto/sha256-js/-/sha256-js-5.2.0.tgz",
      "integrity": "sha512-FFQQyu7edu4ufvIZ+OadFpHHOt+eSTBaYaki44c+akjg7qZg9oOQeLlk77F6tSYqjDAFClrHJk9tMf0HdVyOvA==",
      "dependencies": {
        "@aws-crypto/util": "^5.2.0",
        "@aws-sdk/types": "^3.222.0",
        "tslib": "^2.6.2"
      },
      "engines": {
        "node": ">=16.0.0"
      }
    },
    "node_modules/@aws-crypto/supports-web-crypto": {
      "version": "5.2.0",
      "resolved": "https://registry.npmjs.org/@aws-crypto/supports-web-crypto/-/supports-web-crypto-5.2.0.tgz",
      "integrity": "sha512-iAvUotm021kM33eCdNfwIN//F77/IADDSs58i+MDaOqFrVjZo9bAal0NK7HurRuWLLpF1iLX7gbWrjHjeo+YFg==",
      "dependencies": {
        "tslib": "^2.6.2"
      }
    },
    "node_modules/@aws-crypto/util": {
      "version": "5.2.0",
      "resolved": "https://registry.npmjs.org/@aws-crypto/util/-/util-5.2.0.tgz",
      "integrity": "sha512-4RkU9EsI6ZpBve5fseQlGNUWKMa1RLPQ1dnjnQoe07ldfIzcsGb5hC5W0Dm7u423KWzawlrpbjXBrXCEv9zazQ==",
      "dependencies": {
        "@aws-sdk/types": "^3.222.0",
        "@smithy/util-utf8": "^2.0.0",
        "tslib": "^2.6.2"
      }
    },
    "node_modules/@aws-sdk/client-s3": {
      "version": "3.1053.0",
      "resolved": "https://registry.npmjs.org/@aws-sdk/client-s3/-/client-s3-3.1053.0.tgz",
      "integrity": "sha512-/oGxoB6p1Nqs935Blt+v1o+anSCEf2n3RjIrcLz84i4cn2Gr+Z7JpDdUkG5+74r5ctqEPG7k/phTGbJ9fNKnHg==",
      "dependencies": {
        "@aws-crypto/sha1-browser": "5.2.0",
        "@aws-crypto/sha256-browser": "5.2.0",
        "@aws-crypto/sha256-js": "5.2.0",
        "@aws-sdk/core": "^3.974.13",
        "@aws-sdk/credential-provider-node": "^3.972.44",
        "@aws-sdk/middleware-bucket-endpoint": "^3.972.15",
        "@aws-sdk/middleware-expect-continue": "^3.972.13",
        "@aws-sdk/middleware-flexible-checksums": "^3.974.21",
        "@aws-sdk/middleware-location-constraint": "^3.972.11",
        "@aws-sdk/middleware-sdk-s3": "^3.972.42",
        "@aws-sdk/middleware-ssec": "^3.972.11",
        "@aws-sdk/signature-v4-multi-region": "^3.996.28",
        "@aws-sdk/types": "^3.973.9",
        "@smithy/core": "^3.24.3",
        "@smithy/fetch-http-handler": "^5.4.3",
        "@smithy/node-http-handler": "^4.7.3",
        "@smithy/types": "^4.14.2",
        "tslib": "^2.6.2"
      },
      "engines": {
        "node": ">=20.0.0"
      }
    },
    "node_modules/@aws-sdk/core": {
      "version": "3.974.13",
      "resolved": "https://registry.npmjs.org/@aws-sdk/core/-/core-3.974.13.tgz",
      "integrity": "sha512-+Y5/4tHki0uYgyx8eun146DegRVQBpdKGK5RbV0FTKJPpaKTchvqVxrrRFK6Wk0JksO4iAZKw3eqxGEIwtO98w==",
      "dependencies": {
        "@aws-sdk/types": "^3.973.9",
        "@aws-sdk/xml-builder": "^3.972.25",
        "@aws/lambda-invoke-store": "^0.2.2",
        "@smithy/core": "^3.24.3",
        "@smithy/signature-v4": "^5.4.2",
        "@smithy/types": "^4.14.2",
        "bowser": "^2.11.0",
        "tslib": "^2.6.2"
      },
      "engines": {
        "node": ">=20.0.0"
      }
    },
    "node_modules/@aws-sdk/crc64-nvme": {
      "version": "3.972.9",
      "resolved": "https://registry.npmjs.org/@aws-sdk/crc64-nvme/-/crc64-nvme-3.972.9.tgz",
      "integrity": "sha512-P+QGozmXn2mZZI7sDgk+aUm+RTI61MPSFB+Ir2vjEjEbEsE4e7hYtzrDvAUxZy9ko81h53e11+F/GYlvwDkaOQ==",
      "dependencies": {
        "@smithy/types": "^4.14.2",
        "tslib": "^2.6.2"
      },
      "engines": {
        "node": ">=20.0.0"
      }
    },
    "node_modules/@aws-sdk/credential-provider-env": {
      "version": "3.972.39",
      "resolved": "https://registry.npmjs.org/@aws-sdk/credential-provider-env/-/credential-provider-env-3.972.39.tgz",
      "integrity": "sha512-29wX9zpAvEt1vcj0psha+y6ygBHy2V/S72mp6e7q0KARLWXq+pwE/lR6qGkwknQvruh52lXvlqZIga8Hdxkucw==",
      "dependencies": {
        "@aws-sdk/core": "^3.974.13",
        "@aws-sdk/types": "^3.973.9",
        "@smithy/core": "^3.24.3",
        "@smithy/types": "^4.14.2",
        "tslib": "^2.6.2"
      },
      "engines": {
        "node": ">=20.0.0"
      }
    },
    "node_modules/@aws-sdk/credential-provider-http": {
      "version": "3.972.41",
      "resolved": "https://registry.npmjs.org/@aws-sdk/credential-provider-http/-/credential-provider-http-3.972.41.tgz",
      "integrity": "sha512-IA3CQTjtJkb6u1H4mE4936c8OPBMa9Jggtwe8U2Mqw/vvb/tZ5Ebd0mcZcX0uKWQhOyYo/+qNIwkV5Xh+FeJJA==",
      "dependencies": {
        "@aws-sdk/core": "^3.974.13",
        "@aws-sdk/types": "^3.973.9",
        "@smithy/core": "^3.24.3",
        "@smithy/fetch-http-handler": "^5.4.3",
        "@smithy/node-http-handler": "^4.7.3",
        "@smithy/types": "^4.14.2",
        "tslib": "^2.6.2"
      },
      "engines": {
        "node": ">=20.0.0"
      }
    },
    "node_modules/@aws-sdk/credential-provider-ini": {
      "version": "3.972.43",
      "resolved": "https://registry.npmjs.org/@aws-sdk/credential-provider-ini/-/credential-provider-ini-3.972.43.tgz",
      "integrity": "sha512-4mzII+3mZEVXXE1xzrLQrCJL7/r62A63bA6SVzZoNL5rqCJghpf+xgGltVrIBBs0n+mOZBKrQl2tRREtvZ5l6A==",
      "dependencies": {
        "@aws-sdk/core": "^3.974.13",
        "@aws-sdk/credential-provider-env": "^3.972.39",
        "@aws-sdk/credential-provider-http": "^3.972.41",
        "@aws-sdk/credential-provider-login": "^3.972.43",
        "@aws-sdk/credential-provider-process": "^3.972.39",
        "@aws-sdk/credential-provider-sso": "^3.972.43",
        "@aws-sdk/credential-provider-web-identity": "^3.972.43",
        "@aws-sdk/nested-clients": "^3.997.11",
        "@aws-sdk/types": "^3.973.9",
        "@smithy/core": "^3.24.3",
        "@smithy/credential-provider-imds": "^4.3.2",
        "@smithy/types": "^4.14.2",
        "tslib": "^2.6.2"
      },
      "engines": {
        "node": ">=20.0.0"
      }
    },
    "node_modules/@aws-sdk/credential-provider-login": {
      "version": "3.972.43",
      "resolved": "https://registry.npmjs.org/@aws-sdk/credential-provider-login/-/credential-provider-login-3.972.43.tgz",
      "integrity": "sha512-HG7kQCwXtbv3oBV61Ins0oNX8KKyvrMqqRkb6ZiAfQHbMuHaiNaEb2KnpKLPkNpqImSBK82UkVE/kaY6IfWikA==",
      "dependencies": {
        "@aws-sdk/core": "^3.974.13",
        "@aws-sdk/nested-clients": "^3.997.11",
        "@aws-sdk/types": "^3.973.9",
        "@smithy/core": "^3.24.3",
        "@smithy/types": "^4.14.2",
        "tslib": "^2.6.2"
      },
      "engines": {
        "node": ">=20.0.0"
      }
    },
    "node_modules/@aws-sdk/credential-provider-node": {
      "version": "3.972.44",
      "resolved": "https://registry.npmjs.org/@aws-sdk/credential-provider-node/-/credential-provider-node-3.972.44.tgz",
      "integrity": "sha512-sDaBIT0yrNNIPfvlsiTCmANm07zKju+ipWODjEXgZlsjMeIJR3LVp7RDyAOzUoAsTbDfYKDWp+i5WrFiQP6rmQ==",
      "dependencies": {
        "@aws-sdk/credential-provider-env": "^3.972.39",
        "@aws-sdk/credential-provider-http": "^3.972.41",
        "@aws-sdk/credential-provider-ini": "^3.972.43",
        "@aws-sdk/credential-provider-process": "^3.972.39",
        "@aws-sdk/credential-provider-sso": "^3.972.43",
        "@aws-sdk/credential-provider-web-identity": "^3.972.43",
        "@aws-sdk/types": "^3.973.9",
        "@smithy/core": "^3.24.3",
        "@smithy/credential-provider-imds": "^4.3.2",
        "@smithy/types": "^4.14.2",
        "tslib": "^2.6.2"
      },
      "engines": {
        "node": ">=20.0.0"
      }
    },
    "node_modules/@aws-sdk/credential-provider-process": {
      "version": "3.972.39",
      "resolved": "https://registry.npmjs.org/@aws-sdk/credential-provider-process/-/credential-provider-process-3.972.39.tgz",
      "integrity": "sha512-2k/amBifLd75eXNwgvPw/2lKYSQ3NhvHQgkVKVjfUq13/eJ3JRtHmznuFenn74OK3sSfp4SMy1YB2w+UVXoKqA==",
      "dependencies": {
        "@aws-sdk/core": "^3.974.13",
        "@aws-sdk/types": "^3.973.9",
        "@smithy/core": "^3.24.3",
        "@smithy/types": "^4.14.2",
        "tslib": "^2.6.2"
      },
      "engines": {
        "node": ">=20.0.0"
      }
    },
    "node_modules/@aws-sdk/credential-provider-sso": {
      "version": "3.972.43",
      "resolved": "https://registry.npmjs.org/@aws-sdk/credential-provider-sso/-/credential-provider-sso-3.972.43.tgz",
      "integrity": "sha512-LPc3+Y4vhH1T4x6CMqwCM6hk5+SRf/Lwmgm8INm95wxTtIRHcMwQUVkDzWu4Iw/RSncxYM2BC01OrYbxOPZvyg==",
      "dependencies": {
        "@aws-sdk/core": "^3.974.13",
        "@aws-sdk/nested-clients": "^3.997.11",
        "@aws-sdk/token-providers": "3.1052.0",
        "@aws-sdk/types": "^3.973.9",
        "@smithy/core": "^3.24.3",
        "@smithy/types": "^4.14.2",
        "tslib": "^2.6.2"
      },
      "engines": {
        "node": ">=20.0.0"
      }
    },
    "node_modules/@aws-sdk/credential-provider-web-identity": {
      "version": "3.972.43",
      "resolved": "https://registry.npmjs.org/@aws-sdk/credential-provider-web-identity/-/credential-provider-web-identity-3.972.43.tgz",
      "integrity": "sha512-wQtL34lUD/09VXjwAUo2T+I3aEXRDxMB3DKmTJL/Zj0Gi6sLDTrVhae1XVt01yzkquOWajI/sZW72JGDZ1ciTw==",
      "dependencies": {
        "@aws-sdk/core": "^3.974.13",
        "@aws-sdk/nested-clients": "^3.997.11",
        "@aws-sdk/types": "^3.973.9",
        "@smithy/core": "^3.24.3",
        "@smithy/types": "^4.14.2",
        "tslib": "^2.6.2"
      },
      "engines": {
        "node": ">=20.0.0"
      }
    },
    "node_modules/@aws-sdk/middleware-bucket-endpoint": {
      "version": "3.972.15",
      "resolved": "https://registry.npmjs.org/@aws-sdk/middleware-bucket-endpoint/-/middleware-bucket-endpoint-3.972.15.tgz",
      "integrity": "sha512-O2HDANa+MrvbxpaRVQDiH3T13uAa9AkMjKyZmDygwauAmmvqZ5B0iRmKW+fuVGW6NPXuyXurFgIx69lSvmAWGA==",
      "dependencies": {
        "@aws-sdk/core": "^3.974.13",
        "@aws-sdk/types": "^3.973.9",
        "@smithy/core": "^3.24.3",
        "@smithy/types": "^4.14.2",
        "tslib": "^2.6.2"
      },
      "engines": {
        "node": ">=20.0.0"
      }
    },
    "node_modules/@aws-sdk/middleware-expect-continue": {
      "version": "3.972.13",
      "resolved": "https://registry.npmjs.org/@aws-sdk/middleware-expect-continue/-/middleware-expect-continue-3.972.13.tgz",
      "integrity": "sha512-sHiqIFg8o2ipT7t40B89Vj0ubSUtY6OSt/+Ee/OXhHch5K4+81zP2+QX8Lkc/nJ2QSmCySxOke7TEbmX69fe2g==",
      "dependencies": {
        "@aws-sdk/types": "^3.973.9",
        "@smithy/core": "^3.24.3",
        "@smithy/types": "^4.14.2",
        "tslib": "^2.6.2"
      },
      "engines": {
        "node": ">=20.0.0"
      }
    },
    "node_modules/@aws-sdk/middleware-flexible-checksums": {
      "version": "3.974.21",
      "resolved": "https://registry.npmjs.org/@aws-sdk/middleware-flexible-checksums/-/middleware-flexible-checksums-3.974.21.tgz",
      "integrity": "sha512-alAu9heyiBK/OmRNXVxq8mmPTgeW2AQ6EYjRsI38kPZa1MZvt2Jh+BlGq7/GG9OVXOaEgD7DlGj/Lzfy5OmuEg==",
      "dependencies": {
        "@aws-crypto/crc32": "5.2.0",
        "@aws-crypto/crc32c": "5.2.0",
        "@aws-crypto/util": "5.2.0",
        "@aws-sdk/core": "^3.974.13",
        "@aws-sdk/crc64-nvme": "^3.972.9",
        "@aws-sdk/types": "^3.973.9",
        "@smithy/core": "^3.24.3",
        "@smithy/types": "^4.14.2",
        "tslib": "^2.6.2"
      },
      "engines": {
        "node": ">=20.0.0"
      }
    },
    "node_modules/@aws-sdk/middleware-location-constraint": {
      "version": "3.972.11",
      "resolved": "https://registry.npmjs.org/@aws-sdk/middleware-location-constraint/-/middleware-location-constraint-3.972.11.tgz",
      "integrity": "sha512-hkfspNUP4criAH6ton6BGKgnm5dZx+7bUOy1YqlTfejDeUPAM23D81q/IX+hdlS3KUsfwGz5ADTqZWKBEUpf4A==",
      "dependencies": {
        "@aws-sdk/types": "^3.973.9",
        "@smithy/types": "^4.14.2",
        "tslib": "^2.6.2"
      },
      "engines": {
        "node": ">=20.0.0"
      }
    },
    "node_modules/@aws-sdk/middleware-sdk-s3": {
      "version": "3.972.42",
      "resolved": "https://registry.npmjs.org/@aws-sdk/middleware-sdk-s3/-/middleware-sdk-s3-3.972.42.tgz",
      "integrity": "sha512-/xNqNGXv9LaxZd25L9VV4pnSOw9OdDNO4rAHamM+h3KQBSITljIH9vk3dveGga1I2j36lQd0rdG3gjNEXvtNew==",
      "dependencies": {
        "@aws-sdk/core": "^3.974.13",
        "@aws-sdk/signature-v4-multi-region": "^3.996.28",
        "@aws-sdk/types": "^3.973.9",
        "@smithy/core": "^3.24.3",
        "@smithy/signature-v4": "^5.4.2",
        "@smithy/types": "^4.14.2",
        "tslib": "^2.6.2"
      },
      "engines": {
        "node": ">=20.0.0"
      }
    },
    "node_modules/@aws-sdk/middleware-ssec": {
      "version": "3.972.11",
      "resolved": "https://registry.npmjs.org/@aws-sdk/middleware-ssec/-/middleware-ssec-3.972.11.tgz",
      "integrity": "sha512-7PQvGNhtveKlvVqNahqWx5yrwxP7ecwAoB1dYBf8eKwfo2tzzCbNnW+q2nO3N066ktQaB4iBQbDRWtizm+amoQ==",
      "dependencies": {
        "@aws-sdk/types": "^3.973.9",
        "@smithy/types": "^4.14.2",
        "tslib": "^2.6.2"
      },
      "engines": {
        "node": ">=20.0.0"
      }
    },
    "node_modules/@aws-sdk/nested-clients": {
      "version": "3.997.11",
      "resolved": "https://registry.npmjs.org/@aws-sdk/nested-clients/-/nested-clients-3.997.11.tgz",
      "integrity": "sha512-nWXXJ1r/r8N2Gw1pWolRgED38/A9A8DHR2ETWIv220zh4PZHcybbR4hUVWWktmNXTRHzDJwRluapHn0rZxuoqA==",
      "dependencies": {
        "@aws-crypto/sha256-browser": "5.2.0",
        "@aws-crypto/sha256-js": "5.2.0",
        "@aws-sdk/core": "^3.974.13",
        "@aws-sdk/signature-v4-multi-region": "^3.996.28",
        "@aws-sdk/types": "^3.973.9",
        "@smithy/core": "^3.24.3",
        "@smithy/fetch-http-handler": "^5.4.3",
        "@smithy/node-http-handler": "^4.7.3",
        "@smithy/types": "^4.14.2",
        "tslib": "^2.6.2"
      },
      "engines": {
        "node": ">=20.0.0"
      }
    },
    "node_modules/@aws-sdk/s3-request-presigner": {
      "version": "3.1053.0",
      "resolved": "https://registry.npmjs.org/@aws-sdk/s3-request-presigner/-/s3-request-presigner-3.1053.0.tgz",
      "integrity": "sha512-F2424BizKG4Jg/I7kr9bNCRqE1fo8ZnHBad+s3KalL20SwI1KCk7KnVJRdIpNVHbHqrhg/UZaLxaAjY7vLUUYw==",
      "dependencies": {
        "@aws-sdk/core": "^3.974.13",
        "@aws-sdk/signature-v4-multi-region": "^3.996.28",
        "@aws-sdk/types": "^3.973.9",
        "@smithy/core": "^3.24.3",
        "@smithy/types": "^4.14.2",
        "tslib": "^2.6.2"
      },
      "engines": {
        "node": ">=20.0.0"
      }
    },
    "node_modules/@aws-sdk/signature-v4-multi-region": {
      "version": "3.996.28",
      "resolved": "https://registry.npmjs.org/@aws-sdk/signature-v4-multi-region/-/signature-v4-multi-region-3.996.28.tgz",
      "integrity": "sha512-qs9z5LqXO/CZC2Lg9SGKpoLU8Rhi+m2pFKZqfO9pytX1clc0katqtsDNupJxFy0xT9wsZSPzM2v1y+/H/zfp5Q==",
      "dependencies": {
        "@aws-sdk/types": "^3.973.9",
        "@smithy/core": "^3.24.3",
        "@smithy/signature-v4": "^5.4.2",
        "@smithy/types": "^4.14.2",
        "tslib": "^2.6.2"
      },
      "engines": {
        "node": ">=20.0.0"
      }
    },
    "node_modules/@aws-sdk/token-providers": {
      "version": "3.1052.0",
      "resolved": "https://registry.npmjs.org/@aws-sdk/token-providers/-/token-providers-3.1052.0.tgz",
      "integrity": "sha512-QqZNB3so7UIDxZtroc85TQaLVxdZRFm0eWM1CSR2N+b06as9TOrilvrlTZuj3guYlxMs6yLOgGxnklJ5qMYtTw==",
      "dependencies": {
        "@aws-sdk/core": "^3.974.13",
        "@aws-sdk/nested-clients": "^3.997.11",
        "@aws-sdk/types": "^3.973.9",
        "@smithy/core": "^3.24.3",
        "@smithy/types": "^4.14.2",
        "tslib": "^2.6.2"
      },
      "engines": {
        "node": ">=20.0.0"
      }
    },
    "node_modules/@aws-sdk/types": {
      "version": "3.973.9",
      "resolved": "https://registry.npmjs.org/@aws-sdk/types/-/types-3.973.9.tgz",
      "integrity": "sha512-kuBfgQVdcz5Bmapc4A13YbpVw/pXkesfhetcFYwbntqas8sF41OHyd4o28+/TG2ZQdHBsv90Lsu5y6oitvYCdg==",
      "dependencies": {
        "@smithy/types": "^4.14.2",
        "tslib": "^2.6.2"
      },
      "engines": {
        "node": ">=20.0.0"
      }
    },
    "node_modules/@aws-sdk/util-locate-window": {
      "version": "3.965.5",
      "resolved": "https://registry.npmjs.org/@aws-sdk/util-locate-window/-/util-locate-window-3.965.5.tgz",
      "integrity": "sha512-WhlJNNINQB+9qtLtZJcpQdgZw3SCDCpXdUJP7cToGwHbCWCnRckGlc6Bx/OhWwIYFNAn+FIydY8SZ0QmVu3xTQ==",
      "dependencies": {
        "tslib": "^2.6.2"
      },
      "engines": {
        "node": ">=20.0.0"
      }
    },
    "node_modules/@aws-sdk/xml-builder": {
      "version": "3.972.25",
      "resolved": "https://registry.npmjs.org/@aws-sdk/xml-builder/-/xml-builder-3.972.25.tgz",
      "integrity": "sha512-GH+Kjz4nPKWKHnsiQpnhP1MJdTGIcK4rAka6tzakgjjUkVgNsmPeEbbRAf09SzS1hjGu6duGHCBsxYke0BhHjQ==",
      "dependencies": {
        "@nodable/entities": "2.1.0",
        "@smithy/types": "^4.14.2",
        "fast-xml-parser": "5.7.3",
        "tslib": "^2.6.2"
      },
      "engines": {
        "node": ">=20.0.0"
      }
    },
    "node_modules/@aws/lambda-invoke-store": {
      "version": "0.2.4",
      "resolved": "https://registry.npmjs.org/@aws/lambda-invoke-store/-/lambda-invoke-store-0.2.4.tgz",
      "integrity": "sha512-iY8yvjE0y651BixKNPgmv1WrQc+GZ142sb0z4gYnChDDY2YqI4P/jsSopBWrKfAt7LOJAkOXt7rC/hms+WclQQ==",
      "engines": {
        "node": ">=18.0.0"
      }
    },
    "node_modules/@babel/code-frame": {
      "version": "7.29.0",
      "resolved": "https://registry.npmjs.org/@babel/code-frame/-/code-frame-7.29.0.tgz",
      "integrity": "sha512-9NhCeYjq9+3uxgdtp20LSiJXJvN0FeCtNGpJxuMFZ1Kv3cWUNb6DOhJwUvcVCzKGR66cw4njwM6hrJLqgOwbcw==",
      "dependencies": {
        "@babel/helper-validator-identifier": "^7.28.5",
        "js-tokens": "^4.0.0",
        "picocolors": "^1.1.1"
      },
      "engines": {
        "node": ">=6.9.0"
      }
    },
    "node_modules/@babel/compat-data": {
      "version": "7.29.3",
      "resolved": "https://registry.npmjs.org/@babel/compat-data/-/compat-data-7.29.3.tgz",
      "integrity": "sha512-LIVqM46zQWZhj17qA8wb4nW/ixr2y1Nw+r1etiAWgRM6U1IqP+LNhL1yg440jYZR72jCWcWbLWzIosH+uP1fqg==",
      "engines": {
        "node": ">=6.9.0"
      }
    },
    "node_modules/@babel/core": {
      "version": "7.29.0",
      "resolved": "https://registry.npmjs.org/@babel/core/-/core-7.29.0.tgz",
      "integrity": "sha512-CGOfOJqWjg2qW/Mb6zNsDm+u5vFQ8DxXfbM09z69p5Z6+mE1ikP2jUXw+j42Pf1XTYED2Rni5f95npYeuwMDQA==",
      "dependencies": {
        "@babel/code-frame": "^7.29.0",
        "@babel/generator": "^7.29.0",
        "@babel/helper-compilation-targets": "^7.28.6",
        "@babel/helper-module-transforms": "^7.28.6",
        "@babel/helpers": "^7.28.6",
        "@babel/parser": "^7.29.0",
        "@babel/template": "^7.28.6",
        "@babel/traverse": "^7.29.0",
        "@babel/types": "^7.29.0",
        "@jridgewell/remapping": "^2.3.5",
        "convert-source-map": "^2.0.0",
        "debug": "^4.1.0",
        "gensync": "^1.0.0-beta.2",
        "json5": "^2.2.3",
        "semver": "^6.3.1"
      },
      "engines": {
        "node": ">=6.9.0"
      },
      "funding": {
        "type": "opencollective",
        "url": "https://opencollective.com/babel"
      }
    },
    "node_modules/@babel/generator": {
      "version": "7.29.1",
      "resolved": "https://registry.npmjs.org/@babel/generator/-/generator-7.29.1.tgz",
      "integrity": "sha512-qsaF+9Qcm2Qv8SRIMMscAvG4O3lJ0F1GuMo5HR/Bp02LopNgnZBC/EkbevHFeGs4ls/oPz9v+Bsmzbkbe+0dUw==",
      "dependencies": {
        "@babel/parser": "^7.29.0",
        "@babel/types": "^7.29.0",
        "@jridgewell/gen-mapping": "^0.3.12",
        "@jridgewell/trace-mapping": "^0.3.28",
        "jsesc": "^3.0.2"
      },
      "engines": {
        "node": ">=6.9.0"
      }
    },
    "node_modules/@babel/helper-compilation-targets": {
      "version": "7.28.6",
      "resolved": "https://registry.npmjs.org/@babel/helper-compilation-targets/-/helper-compilation-targets-7.28.6.tgz",
      "integrity": "sha512-JYtls3hqi15fcx5GaSNL7SCTJ2MNmjrkHXg4FSpOA/grxK8KwyZ5bubHsCq8FXCkua6xhuaaBit+3b7+VZRfcA==",
      "dependencies": {
        "@babel/compat-data": "^7.28.6",
        "@babel/helper-validator-option": "^7.27.1",
        "browserslist": "^4.24.0",
        "lru-cache": "^5.1.1",
        "semver": "^6.3.1"
      },
      "engines": {
        "node": ">=6.9.0"
      }
    },
    "node_modules/@babel/helper-globals": {
      "version": "7.28.0",
      "resolved": "https://registry.npmjs.org/@babel/helper-globals/-/helper-globals-7.28.0.tgz",
      "integrity": "sha512-+W6cISkXFa1jXsDEdYA8HeevQT/FULhxzR99pxphltZcVaugps53THCeiWA8SguxxpSp3gKPiuYfSWopkLQ4hw==",
      "engines": {
        "node": ">=6.9.0"
      }
    },
    "node_modules/@babel/helper-module-imports": {
      "version": "7.28.6",
      "resolved": "https://registry.npmjs.org/@babel/helper-module-imports/-/helper-module-imports-7.28.6.tgz",
      "integrity": "sha512-l5XkZK7r7wa9LucGw9LwZyyCUscb4x37JWTPz7swwFE/0FMQAGpiWUZn8u9DzkSBWEcK25jmvubfpw2dnAMdbw==",
      "dependencies": {
        "@babel/traverse": "^7.28.6",
        "@babel/types": "^7.28.6"
      },
      "engines": {
        "node": ">=6.9.0"
      }
    },
    "node_modules/@babel/helper-module-transforms": {
      "version": "7.28.6",
      "resolved": "https://registry.npmjs.org/@babel/helper-module-transforms/-/helper-module-transforms-7.28.6.tgz",
      "integrity": "sha512-67oXFAYr2cDLDVGLXTEABjdBJZ6drElUSI7WKp70NrpyISso3plG9SAGEF6y7zbha/wOzUByWWTJvEDVNIUGcA==",
      "dependencies": {
        "@babel/helper-module-imports": "^7.28.6",
        "@babel/helper-validator-identifier": "^7.28.5",
        "@babel/traverse": "^7.28.6"
      },
      "engines": {
        "node": ">=6.9.0"
      },
      "peerDependencies": {
        "@babel/core": "^7.0.0"
      }
    },
    "node_modules/@babel/helper-string-parser": {
      "version": "7.27.1",
      "resolved": "https://registry.npmjs.org/@babel/helper-string-parser/-/helper-string-parser-7.27.1.tgz",
      "integrity": "sha512-qMlSxKbpRlAridDExk92nSobyDdpPijUq2DW6oDnUqd0iOGxmQjyqhMIihI9+zv4LPyZdRje2cavWPbCbWm3eA==",
      "engines": {
        "node": ">=6.9.0"
      }
    },
    "node_modules/@babel/helper-validator-identifier": {
      "version": "7.28.5",
      "resolved": "https://registry.npmjs.org/@babel/helper-validator-identifier/-/helper-validator-identifier-7.28.5.tgz",
      "integrity": "sha512-qSs4ifwzKJSV39ucNjsvc6WVHs6b7S03sOh2OcHF9UHfVPqWWALUsNUVzhSBiItjRZoLHx7nIarVjqKVusUZ1Q==",
      "engines": {
        "node": ">=6.9.0"
      }
    },
    "node_modules/@babel/helper-validator-option": {
      "version": "7.27.1",
      "resolved": "https://registry.npmjs.org/@babel/helper-validator-option/-/helper-validator-option-7.27.1.tgz",
      "integrity": "sha512-YvjJow9FxbhFFKDSuFnVCe2WxXk1zWc22fFePVNEaWJEu8IrZVlda6N0uHwzZrUM1il7NC9Mlp4MaJYbYd9JSg==",
      "engines": {
        "node": ">=6.9.0"
      }
    },
    "node_modules/@babel/helpers": {
      "version": "7.29.2",
      "resolved": "https://registry.npmjs.org/@babel/helpers/-/helpers-7.29.2.tgz",
      "integrity": "sha512-HoGuUs4sCZNezVEKdVcwqmZN8GoHirLUcLaYVNBK2J0DadGtdcqgr3BCbvH8+XUo4NGjNl3VOtSjEKNzqfFgKw==",
      "dependencies": {
        "@babel/template": "^7.28.6",
        "@babel/types": "^7.29.0"
      },
      "engines": {
        "node": ">=6.9.0"
      }
    },
    "node_modules/@babel/parser": {
      "version": "7.29.3",
      "resolved": "https://registry.npmjs.org/@babel/parser/-/parser-7.29.3.tgz",
      "integrity": "sha512-b3ctpQwp+PROvU/cttc4OYl4MzfJUWy6FZg+PMXfzmt/+39iHVF0sDfqay8TQM3JA2EUOyKcFZt75jWriQijsA==",
      "dependencies": {
        "@babel/types": "^7.29.0"
      },
      "bin": {
        "parser": "bin/babel-parser.js"
      },
      "engines": {
        "node": ">=6.0.0"
      }
    },
    "node_modules/@babel/template": {
      "version": "7.28.6",
      "resolved": "https://registry.npmjs.org/@babel/template/-/template-7.28.6.tgz",
      "integrity": "sha512-YA6Ma2KsCdGb+WC6UpBVFJGXL58MDA6oyONbjyF/+5sBgxY/dwkhLogbMT2GXXyU84/IhRw/2D1Os1B/giz+BQ==",
      "dependencies": {
        "@babel/code-frame": "^7.28.6",
        "@babel/parser": "^7.28.6",
        "@babel/types": "^7.28.6"
      },
      "engines": {
        "node": ">=6.9.0"
      }
    },
    "node_modules/@babel/traverse": {
      "version": "7.29.0",
      "resolved": "https://registry.npmjs.org/@babel/traverse/-/traverse-7.29.0.tgz",
      "integrity": "sha512-4HPiQr0X7+waHfyXPZpWPfWL/J7dcN1mx9gL6WdQVMbPnF3+ZhSMs8tCxN7oHddJE9fhNE7+lxdnlyemKfJRuA==",
      "dependencies": {
        "@babel/code-frame": "^7.29.0",
        "@babel/generator": "^7.29.0",
        "@babel/helper-globals": "^7.28.0",
        "@babel/parser": "^7.29.0",
        "@babel/template": "^7.28.6",
        "@babel/types": "^7.29.0",
        "debug": "^4.3.1"
      },
      "engines": {
        "node": ">=6.9.0"
      }
    },
    "node_modules/@babel/types": {
      "version": "7.29.0",
      "resolved": "https://registry.npmjs.org/@babel/types/-/types-7.29.0.tgz",
      "integrity": "sha512-LwdZHpScM4Qz8Xw2iKSzS+cfglZzJGvofQICy7W7v4caru4EaAmyUuO6BGrbyQ2mYV11W0U8j5mBhd14dd3B0A==",
      "dependencies": {
        "@babel/helper-string-parser": "^7.27.1",
        "@babel/helper-validator-identifier": "^7.28.5"
      },
      "engines": {
        "node": ">=6.9.0"
      }
    },
    "node_modules/@emnapi/core": {
      "version": "1.10.0",
      "resolved": "https://registry.npmjs.org/@emnapi/core/-/core-1.10.0.tgz",
      "integrity": "sha512-yq6OkJ4p82CAfPl0u9mQebQHKPJkY7WrIuk205cTYnYe+k2Z8YBh11FrbRG/H6ihirqcacOgl2BIO8oyMQLeXw==",
      "dev": true,
      "optional": true,
      "dependencies": {
        "@emnapi/wasi-threads": "1.2.1",
        "tslib": "^2.4.0"
      }
    },
    "node_modules/@emnapi/runtime": {
      "version": "1.10.0",
      "resolved": "https://registry.npmjs.org/@emnapi/runtime/-/runtime-1.10.0.tgz",
      "integrity": "sha512-ewvYlk86xUoGI0zQRNq/mC+16R1QeDlKQy21Ki3oSYXNgLb45GV1P6A0M+/s6nyCuNDqe5VpaY84BzXGwVbwFA==",
      "optional": true,
      "dependencies": {
        "tslib": "^2.4.0"
      }
    },
    "node_modules/@emnapi/wasi-threads": {
      "version": "1.2.1",
      "resolved": "https://registry.npmjs.org/@emnapi/wasi-threads/-/wasi-threads-1.2.1.tgz",
      "integrity": "sha512-uTII7OYF+/Mes/MrcIOYp5yOtSMLBWSIoLPpcgwipoiKbli6k322tcoFsxoIIxPDqW01SQGAgko4EzZi2BNv2w==",
      "dev": true,
      "optional": true,
      "dependencies": {
        "tslib": "^2.4.0"
      }
    },
    "node_modules/@eslint-community/eslint-utils": {
      "version": "4.9.1",
      "resolved": "https://registry.npmjs.org/@eslint-community/eslint-utils/-/eslint-utils-4.9.1.tgz",
      "integrity": "sha512-phrYmNiYppR7znFEdqgfWHXR6NCkZEK7hwWDHZUjit/2/U0r6XvkDl0SYnoM51Hq7FhCGdLDT6zxCCOY1hexsQ==",
      "dev": true,
      "dependencies": {
        "eslint-visitor-keys": "^3.4.3"
      },
      "engines": {
        "node": "^12.22.0 || ^14.17.0 || >=16.0.0"
      },
      "funding": {
        "url": "https://opencollective.com/eslint"
      },
      "peerDependencies": {
        "eslint": "^6.0.0 || ^7.0.0 || >=8.0.0"
      }
    },
    "node_modules/@eslint-community/eslint-utils/node_modules/eslint-visitor-keys": {
      "version": "3.4.3",
      "resolved": "h